
Microsoft Visual Studio Solution File, Format Version 12.00
# Visual Studio 15
VisualStudioVersion = 15.0.28307.489
MinimumVisualStudioVersion = 10.0.40219.1
Project("{8BC9CEB8-8B4A-11D0-8D11-00A0C91BC942}") = "minisql", "minisql\minisql.vcxproj", "{6C78FB06-B250-4A32-B7BC-7B82BE2B2CA7}"
EndProject
Global
	GlobalSection(SolutionConfigurationPlatforms) = preSolution
		Debug|x64 = Debug|x64
		Debug|x86 = Debug|x86
		Release|x64 = Release|x64
		Release|x86 = Release|x86
	EndGlobalSection
	GlobalSection(ProjectConfigurationPlatforms) = postSolution
		{6C78FB06-B250-4A32-B7BC-7B82BE2B2CA7}.Debug|x64.ActiveCfg = Debug|x64
		{6C78FB06-B250-4A32-B7BC-7B82BE2B2CA7}.Debug|x64.Build.0 = Debug|x64
		{6C78FB06-B250-4A32-B7BC-7B82BE2B2CA7}.Debug|x86.ActiveCfg = Debug|Win32
		{6C78FB06-B250-4A32-B7BC-7B82BE2B2CA7}.Debug|x86.Build.0 = Debug|Win32
		{6C78FB06-B250-4A32-B7BC-7B82BE2B2CA7}.Release|x64.ActiveCfg = Release|x64
		{6C78FB06-B250-4A32-B7BC-7B82BE2B2CA7}.Release|x64.Build.0 = Release|x64
		{6C78FB06-B250-4A32-B7BC-7B82BE2B2CA7}.Release|x86.ActiveCfg = Release|Win32
		{6C78FB06-B250-4A32-B7BC-7B82BE2B2CA7}.Release|x86.Build.0 = Release|Win32
	EndGlobalSection
	GlobalSection(SolutionProperties) = preSolution
		HideSolutionNode = FALSE
	EndGlobalSection
	GlobalSection(ExtensibilityGlobals) = postSolution
		SolutionGuid = {43E107E1-CE73-4D4F-88FB-486DC6F08E94}
	EndGlobalSection
EndGlobal
